
Microsoft Visual Studio Solution File, Format Version 11.00
# Visual Studio 2010
Project("{FAE04EC0-301F-11D3-BF4B-00C04F79EFBC}") = "HTC.ViveHandTracking", "HTC.ViveHandTracking.csproj", "{3D901913-C63A-1909-7D58-30F59E94AF96}"
EndProject
Project("{FAE04EC0-301F-11D3-BF4B-00C04F79EFBC}") = "Assembly-CSharp", "Assembly-CSharp.csproj", "{1D3D889E-6CD4-D671-5E84-CA6706EB8A0B}"
EndProject
Project("{FAE04EC0-301F-11D3-BF4B-00C04F79EFBC}") = "HTC.ViveHandTracking.Sample", "HTC.ViveHandTracking.Sample.csproj", "{616E4708-87EC-5C4E-EBE9-4D82F4045F53}"
EndProject
Project("{FAE04EC0-301F-11D3-BF4B-00C04F79EFBC}") = "HTC.ViveHandTracking.Editor", "HTC.ViveHandTracking.Editor.csproj", "{6E605966-CEF4-6028-FBAD-27FB9126CCCC}"
EndProject
Global
	GlobalSection(SolutionConfigurationPlatforms) = preSolution
		Debug|Any CPU = Debug|Any CPU
		Release|Any CPU = Release|Any CPU
	EndGlobalSection
	GlobalSection(ProjectConfigurationPlatforms) = postSolution
		{3D901913-C63A-1909-7D58-30F59E94AF96}.Debug|Any CPU.ActiveCfg = Debug|Any CPU
		{3D901913-C63A-1909-7D58-30F59E94AF96}.Debug|Any CPU.Build.0 = Debug|Any CPU
		{3D901913-C63A-1909-7D58-30F59E94AF96}.Release|Any CPU.ActiveCfg = Release|Any CPU
		{3D901913-C63A-1909-7D58-30F59E94AF96}.Release|Any CPU.Build.0 = Release|Any CPU
		{1D3D889E-6CD4-D671-5E84-CA6706EB8A0B}.Debug|Any CPU.ActiveCfg = Debug|Any CPU
		{1D3D889E-6CD4-D671-5E84-CA6706EB8A0B}.Debug|Any CPU.Build.0 = Debug|Any CPU
		{1D3D889E-6CD4-D671-5E84-CA6706EB8A0B}.Release|Any CPU.ActiveCfg = Release|Any CPU
		{1D3D889E-6CD4-D671-5E84-CA6706EB8A0B}.Release|Any CPU.Build.0 = Release|Any CPU
		{616E4708-87EC-5C4E-EBE9-4D82F4045F53}.Debug|Any CPU.ActiveCfg = Debug|Any CPU
		{616E4708-87EC-5C4E-EBE9-4D82F4045F53}.Debug|Any CPU.Build.0 = Debug|Any CPU
		{616E4708-87EC-5C4E-EBE9-4D82F4045F53}.Release|Any CPU.ActiveCfg = Release|Any CPU
		{616E4708-87EC-5C4E-EBE9-4D82F4045F53}.Release|Any CPU.Build.0 = Release|Any CPU
		{6E605966-CEF4-6028-FBAD-27FB9126CCCC}.Debug|Any CPU.ActiveCfg = Debug|Any CPU
		{6E605966-CEF4-6028-FBAD-27FB9126CCCC}.Debug|Any CPU.Build.0 = Debug|Any CPU
		{6E605966-CEF4-6028-FBAD-27FB9126CCCC}.Release|Any CPU.ActiveCfg = Release|Any CPU
		{6E605966-CEF4-6028-FBAD-27FB9126CCCC}.Release|Any CPU.Build.0 = Release|Any CPU
	EndGlobalSection
	GlobalSection(SolutionProperties) = preSolution
		HideSolutionNode = FALSE
	EndGlobalSection
EndGlobal
